
Microsoft Visual Studio Solution File, Format Version 12.00
# Visual Studio Version 16
VisualStudioVersion = 16.0.31205.134
MinimumVisualStudioVersion = 10.0.40219.1
Project("{8BC9CEB8-8B4A-11D0-8D11-00A0C91BC942}") = "galaxy-game", "galaxy-game\galaxy-game.vcxproj", "{F672F29C-084D-4BC5-8B1E-F459F8D41189}"
EndProject
Global
	GlobalSection(SolutionConfigurationPlatforms) = preSolution
		Debug|x64 = Debug|x64
		Debug|x86 = Debug|x86
		Release|x64 = Release|x64
		Release|x86 = Release|x86
	EndGlobalSection
	GlobalSection(ProjectConfigurationPlatforms) = postSolution
		{F672F29C-084D-4BC5-8B1E-F459F8D41189}.Debug|x64.ActiveCfg = Debug|x64
		{F672F29C-084D-4BC5-8B1E-F459F8D41189}.Debug|x64.Build.0 = Debug|x64
		{F672F29C-084D-4BC5-8B1E-F459F8D41189}.Debug|x86.ActiveCfg = Debug|Win32
		{F672F29C-084D-4BC5-8B1E-F459F8D41189}.Debug|x86.Build.0 = Debug|Win32
		{F672F29C-084D-4BC5-8B1E-F459F8D41189}.Release|x64.ActiveCfg = Release|x64
		{F672F29C-084D-4BC5-8B1E-F459F8D41189}.Release|x64.Build.0 = Release|x64
		{F672F29C-084D-4BC5-8B1E-F459F8D41189}.Release|x86.ActiveCfg = Release|Win32
		{F672F29C-084D-4BC5-8B1E-F459F8D41189}.Release|x86.Build.0 = Release|Win32
	EndGlobalSection
	GlobalSection(SolutionProperties) = preSolution
		HideSolutionNode = FALSE
	EndGlobalSection
	GlobalSection(ExtensibilityGlobals) = postSolution
		SolutionGuid = {68FA0B06-EDDD-4884-AA7B-A6CD64E6E948}
	EndGlobalSection
EndGlobal
